// !$*UTF8*$!
{
	archiveVersion = 1;
	classes = {
	};
	objectVersion = 46;
	objects = {

/* Begin PBXBuildFile section */
		414EBA581B15ED3D009658E4 /* AppDelegate.swift in Sources */ = {isa = PBXBuildFile; fileRef = 414EBA571B15ED3D009658E4 /* AppDelegate.swift */; };
		414EBA5A1B15ED3D009658E4 /* ViewController.swift in Sources */ = {isa = PBXBuildFile; fileRef = 414EBA591B15ED3D009658E4 /* ViewController.swift */; };
		414EBA5D1B15ED3D009658E4 /* Main.storyboard in Resources */ = {isa = PBXBuildFile; fileRef = 414EBA5B1B15ED3D009658E4 /* Main.storyboard */; };
		414EBA5F1B15ED3D009658E4 /* Images.xcassets in Resources */ = {isa = PBXBuildFile; fileRef = 414EBA5E1B15ED3D009658E4 /* Images.xcassets */; };
		414EBA621B15ED3D009658E4 /* LaunchScreen.xib in Resources */ = {isa = PBXBuildFile; fileRef = 414EBA601B15ED3D009658E4 /* LaunchScreen.xib */; };
		414EBA6E1B15ED3D009658E4 /* PostcardTests.swift in Sources */ = {isa = PBXBuildFile; fileRef = 414EBA6D1B15ED3D009658E4 /* PostcardTests.swift */; };
/* End PBXBuildFile section */

/* Begin PBXContainerItemProxy section */
		414EBA681B15ED3D009658E4 /* PBXContainerItemProxy */ = {
			isa = PBXContainerItemProxy;
			containerPortal = 414EBA4A1B15ED3D009658E4 /* Project object */;
			proxyType = 1;
			remoteGlobalIDString = 414EBA511B15ED3D009658E4;
			remoteInfo = Postcard;
		};
/* End PBXContainerItemProxy section */

/* Begin PBXFileReference section */
		414EBA521B15ED3D009658E4 /* Postcard.app */ = {isa = PBXFileReference; explicitFileType = wrapper.application; includeInIndex = 0; path = Postcard.app; sourceTree = BUILT_PRODUCTS_DIR; };
		414EBA561B15ED3D009658E4 /* Info.plist */ = {isa = PBXFileReference; lastKnownFileType = text.plist.xml; path = Info.plist; sourceTree = "<group>"; };
		414EBA571B15ED3D009658E4 /* AppDelegate.swift */ = {isa = PBXFileReference; lastKnownFileType = sourcecode.swift; path = AppDelegate.swift; sourceTree = "<group>"; };
		414EBA591B15ED3D009658E4 /* ViewController.swift */ = {isa = PBXFileReference; lastKnownFileType = sourcecode.swift; path = ViewController.swift; sourceTree = "<group>"; };
		414EBA5C1B15ED3D009658E4 /* Base */ = {isa = PBXFileReference; lastKnownFileType = file.storyboard; name = Base; path = Base.lproj/Main.storyboard; sourceTree = "<group>"; };
		414EBA5E1B15ED3D009658E4 /* Images.xcassets */ = {isa = PBXFileReference; lastKnownFileType = folder.assetcatalog; path = Images.xcassets; sourceTree = "<group>"; };
		414EBA611B15ED3D009658E4 /* Base */ = {isa = PBXFileReference; lastKnownFileType = file.xib; name = Base; path = Base.lproj/LaunchScreen.xib; sourceTree = "<group>"; };
		414EBA671B15ED3D009658E4 /* PostcardTests.xctest */ = {isa = PBXFileReference; explicitFileType = wrapper.cfbundle; includeInIndex = 0; path = PostcardTests.xctest; sourceTree = BUILT_PRODUCTS_DIR; };
		414EBA6C1B15ED3D009658E4 /* Info.plist */ = {isa = PBXFileReference; lastKnownFileType = text.plist.xml; path = Info.plist; sourceTree = "<group>"; };
		414EBA6D1B15ED3D009658E4 /* PostcardTests.swift */ = {isa = PBXFileReference; lastKnownFileType = sourcecode.swift; path = PostcardTests.swift; sourceTree = "<group>"; };
/* End PBXFileReference section */

/* Begin PBXFrameworksBuildPhase section */
		414EBA4F1B15ED3D009658E4 /* Frameworks */ = {
			isa = PBXFrameworksBuildPhase;
			buildActionMask = 2147483647;
			files = (
			);
			runOnlyForDeploymentPostprocessing = 0;
		};
		414EBA641B15ED3D009658E4 /* Frameworks */ = {
			isa = PBXFrameworksBuildPhase;
			buildActionMask = 2147483647;
			files = (
			);
			runOnlyForDeploymentPostprocessing = 0;
		};
/* End PBXFrameworksBuildPhase section */

/* Begin PBXGroup section */
		414EBA491B15ED3D009658E4 = {
			isa = PBXGroup;
			children = (
				414EBA541B15ED3D009658E4 /* Postcard */,
				414EBA6A1B15ED3D009658E4 /* PostcardTests */,
				414EBA531B15ED3D009658E4 /* Products */,
			);
			sourceTree = "<group>";
		};
		414EBA531B15ED3D009658E4 /* Products */ = {
			isa = PBXGroup;
			children = (
				414EBA521B15ED3D009658E4 /* Postcard.app */,
				414EBA671B15ED3D009658E4 /* PostcardTests.xctest */,
			);
			name = Products;
			sourceTree = "<group>";
		};
		414EBA541B15ED3D009658E4 /* Postcard */ = {
			isa = PBXGroup;
			children = (
				414EBA571B15ED3D009658E4 /* AppDelegate.swift */,
				414EBA591B15ED3D009658E4 /* ViewController.swift */,
				414EBA5B1B15ED3D009658E4 /* Main.storyboard */,
				414EBA5E1B15ED3D009658E4 /* Images.xcassets */,
				414EBA601B15ED3D009658E4 /* LaunchScreen.xib */,
				414EBA551B15ED3D009658E4 /* Supporting Files */,
			);
			path = Postcard;
			sourceTree = "<group>";
		};
		414EBA551B15ED3D009658E4 /* Supporting Files */ = {
			isa = PBXGroup;
			children = (
				414EBA561B15ED3D009658E4 /* Info.plist */,
			);
			name = "Supporting Files";
			sourceTree = "<group>";
		};
		414EBA6A1B15ED3D009658E4 /* PostcardTests */ = {
			isa = PBXGroup;
			children = (
				414EBA6D1B15ED3D009658E4 /* PostcardTests.swift */,
				414EBA6B1B15ED3D009658E4 /* Supporting Files */,
			);
			path = PostcardTests;
			sourceTree = "<group>";
		};
		414EBA6B1B15ED3D009658E4 /* Supporting Files */ = {
			isa = PBXGroup;
			children = (
				414EBA6C1B15ED3D009658E4 /* Info.plist */,
			);
			name = "Supporting Files";
			sourceTree = "<group>";
		};
/* End PBXGroup section */

/* Begin PBXNativeTarget section */
		414EBA511B15ED3D009658E4 /* Postcard */ = {
			isa = PBXNativeTarget;
			buildConfigurationList = 414EBA711B15ED3D009658E4 /* Build configuration list for PBXNativeTarget "Postcard" */;
			buildPhases = (
				414EBA4E1B15ED3D009658E4 /* Sources */,
				414EBA4F1B15ED3D009658E4 /* Frameworks */,
				414EBA501B15ED3D009658E4 /* Resources */,
			);
			buildRules = (
			);
			dependencies = (
			);
			name = Postcard;
			productName = Postcard;
			productReference = 414EBA521B15ED3D009658E4 /* Postcard.app */;
			productType = "com.apple.product-type.application";
		};
		414EBA661B15ED3D009658E4 /* PostcardTests */ = {
			isa = PBXNativeTarget;
			buildConfigurationList = 414EBA741B15ED3D009658E4 /* Build configuration list for PBXNativeTarget "PostcardTests" */;
			buildPhases = (
				414EBA631B15ED3D009658E4 /* Sources */,
				414EBA641B15ED3D009658E4 /* Frameworks */,
				414EBA651B15ED3D009658E4 /* Resources */,
			);
			buildRules = (
			);
			dependencies = (
				414EBA691B15ED3D009658E4 /* PBXTargetDependency */,
			);
			name = PostcardTests;
			productName = PostcardTests;
			productReference = 414EBA671B15ED3D009658E4 /* PostcardTests.xctest */;
			productType = "com.apple.product-type.bundle.unit-test";
		};
/* End PBXNativeTarget section */

/* Begin PBXProject section */
		414EBA4A1B15ED3D009658E4 /* Project object */ = {
			isa = PBXProject;
			attributes = {
				LastUpgradeCheck = 0630;
				ORGANIZATIONNAME = "Dmitry Stepanenko";
				TargetAttributes = {
					414EBA511B15ED3D009658E4 = {
						CreatedOnToolsVersion = 6.3.2;
					};
					414EBA661B15ED3D009658E4 = {
						CreatedOnToolsVersion = 6.3.2;
						TestTargetID = 414EBA511B15ED3D009658E4;
					};
				};
			};
			buildConfigurationList = 414EBA4D1B15ED3D009658E4 /* Build configuration list for PBXProject "Postcard" */;
			compatibilityVersion = "Xcode 3.2";
			developmentRegion = English;
			hasScannedForEncodings = 0;
			knownRegions = (
				en,
				Base,
			);
			mainGroup = 414EBA491B15ED3D009658E4;
			productRefGroup = 414EBA531B15ED3D009658E4 /* Products */;
			projectDirPath = "";
			projectRoot = "";
			targets = (
				414EBA511B15ED3D009658E4 /* Postcard */,
				414EBA661B15ED3D009658E4 /* PostcardTests */,
			);
		};
/* End PBXProject section */

/* Begin PBXResourcesBuildPhase section */
		414EBA501B15ED3D009658E4 /* Resources */ = {
			isa = PBXResourcesBuildPhase;
			buildActionMask = 2147483647;
			files = (
				414EBA5D1B15ED3D009658E4 /* Main.storyboard in Resources */,
				414EBA621B15ED3D009658E4 /* LaunchScreen.xib in Resources */,
				414EBA5F1B15ED3D009658E4 /* Images.xcassets in Resources */,
			);
			runOnlyForDeploymentPostprocessing = 0;
		};
		414EBA651B15ED3D009658E4 /* Resources */ = {
			isa = PBXResourcesBuildPhase;
			buildActionMask = 2147483647;
			files = (
			);
			runOnlyForDeploymentPostprocessing = 0;
		};
/* End PBXResourcesBuildPhase section */

/* Begin PBXSourcesBuildPhase section */
		414EBA4E1B15ED3D009658E4 /* Sources */ = {
			isa = PBXSourcesBuildPhase;
			buildActionMask = 2147483647;
			files = (
				414EBA5A1B15ED3D009658E4 /* ViewController.swift in Sources */,
				414EBA581B15ED3D009658E4 /* AppDelegate.swift in Sources */,
			);
			runOnlyForDeploymentPostprocessing = 0;
		};
		414EBA631B15ED3D009658E4 /* Sources */ = {
			isa = PBXSourcesBuildPhase;
			buildActionMask = 2147483647;
			files = (
				414EBA6E1B15ED3D009658E4 /* PostcardTests.swift in Sources */,
			);
			runOnlyForDeploymentPostprocessing = 0;
		};
/* End PBXSourcesBuildPhase section */

/* Begin PBXTargetDependency section */
		414EBA691B15ED3D009658E4 /* PBXTargetDependency */ = {
			isa = PBXTargetDependency;
			target = 414EBA511B15ED3D009658E4 /* Postcard */;
			targetProxy = 414EBA681B15ED3D009658E4 /* PBXContainerItemProxy */;
		};
/* End PBXTargetDependency section */

/* Begin PBXVariantGroup section */
		414EBA5B1B15ED3D009658E4 /* Main.storyboard */ = {
			isa = PBXVariantGroup;
			children = (
				414EBA5C1B15ED3D009658E4 /* Base */,
			);
			name = Main.storyboard;
			sourceTree = "<group>";
		};
		414EBA601B15ED3D009658E4 /* LaunchScreen.xib */ = {
			isa = PBXVariantGroup;
			children = (
				414EBA611B15ED3D009658E4 /* Base */,
			);
			name = LaunchScreen.xib;
			sourceTree = "<group>";
		};
/* End PBXVariantGroup section */

/* Begin XCBuildConfiguration section */
		414EBA6F1B15ED3D009658E4 /* Debug */ = {
			isa = XCBuildConfiguration;
			buildSettings = {
				ALWAYS_SEARCH_USER_PATHS = NO;
				CLANG_CXX_LANGUAGE_STANDARD = "gnu++0x";
				CLANG_CXX_LIBRARY = "libc++";
				CLANG_ENABLE_MODULES = YES;
				CLANG_ENABLE_OBJC_ARC = YES;
				CLANG_WARN_BOOL_CONVERSION = YES;
				CLANG_WARN_CONSTANT_CONVERSION = YES;
				CLANG_WARN_DIRECT_OBJC_ISA_USAGE = YES_ERROR;
				CLANG_WARN_EMPTY_BODY = YES;
				CLANG_WARN_ENUM_CONVERSION = YES;
				CLANG_WARN_INT_CONVERSION = YES;
				CLANG_WARN_OBJC_ROOT_CLASS = YES_ERROR;
				CLANG_WARN_UNREACHABLE_CODE = YES;
				CLANG_WARN__DUPLICATE_METHOD_MATCH = YES;
				"CODE_SIGN_IDENTITY[sdk=iphoneos*]" = "iPhone Developer";
				COPY_PHASE_STRIP = NO;
				DEBUG_INFORMATION_FORMAT = "dwarf-with-dsym";
				ENABLE_STRICT_OBJC_MSGSEND = YES;
				GCC_C_LANGUAGE_STANDARD = gnu99;
				GCC_DYNAMIC_NO_PIC = NO;
				GCC_NO_COMMON_BLOCKS = YES;
				GCC_OPTIMIZATION_LEVEL = 0;
				GCC_PREPROCESSOR_DEFINITIONS = (
					"DEBUG=1",
					"$(inherited)",
				);
				GCC_SYMBOLS_PRIVATE_EXTERN = NO;
				GCC_WARN_64_TO_32_BIT_CONVERSION = YES;
				GCC_WARN_ABOUT_RETURN_TYPE = YES_ERROR;
				GCC_WARN_UNDECLARED_SELECTOR = YES;
				GCC_WARN_UNINITIALIZED_AUTOS = YES_AGGRESSIVE;
				GCC_WARN_UNUSED_FUNCTION = YES;
				GCC_WARN_UNUSED_VARIABLE = YES;
				IPHONEOS_DEPLOYMENT_TARGET = 8.3;
				MTL_ENABLE_DEBUG_INFO = YES;
				ONLY_ACTIVE_ARCH = YES;
				SDKROOT = iphoneos;
				SWIFT_OPTIMIZATION_LEVEL = "-Onone";
				TARGETED_DEVICE_FAMILY = "1,2";
			};
			name = Debug;
		};
		414EBA701B15ED3D009658E4 /* Release */ = {
			isa = XCBuildConfiguration;
			buildSettings = {
				ALWAYS_SEARCH_USER_PATHS = NO;
				CLANG_CXX_LANGUAGE_STANDARD = "gnu++0x";
				CLANG_CXX_LIBRARY = "libc++";
				CLANG_ENABLE_MODULES = YES;
				CLANG_ENABLE_OBJC_ARC = YES;
				CLANG_WARN_BOOL_CONVERSION = YES;
				CLANG_WARN_CONSTANT_CONVERSION = YES;
				CLANG_WARN_DIRECT_OBJC_ISA_USAGE = YES_ERROR;
				CLANG_WARN_EMPTY_BODY = YES;
				CLANG_WARN_ENUM_CONVERSION = YES;
				CLANG_WARN_INT_CONVERSION = YES;
				CLANG_WARN_OBJC_ROOT_CLASS = YES_ERROR;
				CLANG_WARN_UNREACHABLE_CODE = YES;
				CLANG_WARN__DUPLICATE_METHOD_MATCH = YES;
				"CODE_SIGN_IDENTITY[sdk=iphoneos*]" = "iPhone Developer";
				COPY_PHASE_STRIP = NO;
				DEBUG_INFORMATION_FORMAT = "dwarf-with-dsym";
				ENABLE_NS_ASSERTIONS = NO;
				ENABLE_STRICT_OBJC_MSGSEND = YES;
				GCC_C_LANGUAGE_STANDARD = gnu99;
				GCC_NO_COMMON_BLOCKS = YES;
				GCC_WARN_64_TO_32_BIT_CONVERSION = YES;
				GCC_WARN_ABOUT_RETURN_TYPE = YES_ERROR;
				GCC_WARN_UNDECLARED_SELECTOR = YES;
				GCC_WARN_UNINITIALIZED_AUTOS = YES_AGGRESSIVE;
				GCC_WARN_UNUSED_FUNCTION = YES;
				GCC_WARN_UNUSED_VARIABLE = YES;
				IPHONEOS_DEPLOYMENT_TARGET = 8.3;
				MTL_ENABLE_DEBUG_INFO = NO;
				SDKROOT = iphoneos;
				TARGETED_DEVICE_FAMILY = "1,2";
				VALIDATE_PRODUCT = YES;
			};
			name = Release;
		};
		414EBA721B15ED3D009658E4 /* Debug */ = {
			isa = XCBuildConfiguration;
			buildSettings = {
				ASSETCATALOG_COMPILER_APPICON_NAME = AppIcon;
				INFOPLIST_FILE = Postcard/Info.plist;
				LD_RUNPATH_SEARCH_PATHS = "$(inherited) @executable_path/Frameworks";
				PRODUCT_NAME = "$(TARGET_NAME)";
			};
			name = Debug;
		};
		414EBA731B15ED3D009658E4 /* Release */ = {
			isa = XCBuildConfiguration;
			buildSettings = {
				ASSETCATALOG_COMPILER_APPICON_NAME = AppIcon;
				INFOPLIST_FILE = Postcard/Info.plist;
				LD_RUNPATH_SEARCH_PATHS = "$(inherited) @executable_path/Frameworks";
				PRODUCT_NAME = "$(TARGET_NAME)";
			};
			name = Release;
		};
		414EBA751B15ED3D009658E4 /* Debug */ = {
			isa = XCBuildConfiguration;
			buildSettings = {
				BUNDLE_LOADER = "$(TEST_HOST)";
				FRAMEWORK_SEARCH_PATHS = (
					"$(SDKROOT)/Developer/Library/Frameworks",
					"$(inherited)",
				);
				GCC_PREPROCESSOR_DEFINITIONS = (
					"DEBUG=1",
					"$(inherited)",
				);
				INFOPLIST_FILE = PostcardTests/Info.plist;
				LD_RUNPATH_SEARCH_PATHS = "$(inherited) @executable_path/Frameworks @loader_path/Frameworks";
				PRODUCT_NAME = "$(TARGET_NAME)";
				TEST_HOST = "$(BUILT_PRODUCTS_DIR)/Postcard.app/Postcard";
			};
			name = Debug;
		};
		414EBA761B15ED3D009658E4 /* Release */ = {
			isa = XCBuildConfiguration;
			buildSettings = {
				BUNDLE_LOADER = "$(TEST_HOST)";
				FRAMEWORK_SEARCH_PATHS = (
					"$(SDKROOT)/Developer/Library/Frameworks",
					"$(inherited)",
				);
				INFOPLIST_FILE = PostcardTests/Info.plist;
				LD_RUNPATH_SEARCH_PATHS = "$(inherited) @executable_path/Frameworks @loader_path/Frameworks";
				PRODUCT_NAME = "$(TARGET_NAME)";
				TEST_HOST = "$(BUILT_PRODUCTS_DIR)/Postcard.app/Postcard";
			};
			name = Release;
		};
/* End XCBuildConfiguration section */

/* Begin XCConfigurationList section */
		414EBA4D1B15ED3D009658E4 /* Build configuration list for PBXProject "Postcard" */ = {
			isa = XCConfigurationList;
			buildConfigurations = (
				414EBA6F1B15ED3D009658E4 /* Debug */,
				414EBA701B15ED3D009658E4 /* Release */,
			);
			defaultConfigurationIsVisible = 0;
			defaultConfigurationName = Release;
		};
		414EBA711B15ED3D009658E4 /* Build configuration list for PBXNativeTarget "Postcard" */ = {
			isa = XCConfigurationList;
			buildConfigurations = (
				414EBA721B15ED3D009658E4 /* Debug */,
				414EBA731B15ED3D009658E4 /* Release */,
			);
			defaultConfigurationIsVisible = 0;
		};
		414EBA741B15ED3D009658E4 /* Build configuration list for PBXNativeTarget "PostcardTests" */ = {
			isa = XCConfigurationList;
			buildConfigurations = (
				414EBA751B15ED3D009658E4 /* Debug */,
				414EBA761B15ED3D009658E4 /* Release */,
			);
			defaultConfigurationIsVisible = 0;
		};
/* End XCConfigurationList section */
	};
	rootObject = 414EBA4A1B15ED3D009658E4 /* Project object */;
}
